<?xml version="1.0" encoding="utf-8"?>
<Project ToolsVersion="4.0" xmlns="http://schemas.microsoft.com/developer/msbuild/2003">
  <ItemGroup>
    <Filter Include="Source Files">
      <UniqueIdentifier>{4FC737F1-C7A5-4376-A066-2A32D752A2FF}</UniqueIdentifier>
      <Extensions>cpp;c;cc;cxx;def;odl;idl;hpj;bat;asm;asmx</Extensions>
    </Filter>
    <Filter Include="Header Files">
      <UniqueIdentifier>{93995380-89BD-4b04-88EB-625FBE52EBFB}</UniqueIdentifier>
      <Extensions>h;hh;hpp;hxx;hm;inl;inc;ipp;xsd</Extensions>
    </Filter>
    <Filter Include="Resource Files">
      <UniqueIdentifier>{67DA6AB6-F800-4c08-8B7A-83BB121AAD01}</UniqueIdentifier>
      <Extensions>rc;ico;cur;bmp;dlg;rc2;rct;bin;rgs;gif;jpg;jpeg;jpe;resx;tiff;tif;png;wav;mfcribbon-ms</Extensions>
    </Filter>
    <Filter Include="Code">
      <UniqueIdentifier>{081035e0-423f-472f-99f5-ce5e3694f652}</UniqueIdentifier>
    </Filter>
    <Filter Include="Code\Player">
      <UniqueIdentifier>{e6ab9fb3-3c6d-43f4-837c-343bfc2dca07}</UniqueIdentifier>
    </Filter>
    <Filter Include="Content">
      <UniqueIdentifier>{8fc4a246-4c3a-4798-8ead-72d1fe2657be}</UniqueIdentifier>
    </Filter>
    <Filter Include="Code\Math">
      <UniqueIdentifier>{dbbe9d58-d051-432e-8063-a408796ebd74}</UniqueIdentifier>
    </Filter>
    <Filter Include="Code\Bullet">
      <UniqueIdentifier>{7bfb08f7-ef79-4c72-8448-c9890de33ba5}</UniqueIdentifier>
    </Filter>
    <Filter Include="Code\Tank">
      <UniqueIdentifier>{028fdc46-fdc4-4366-a45c-27a3d640fcb3}</UniqueIdentifier>
    </Filter>
  </ItemGroup>
  <ItemGroup>
    <ClInclude Include="pch.h">
      <Filter>Header Files</Filter>
    </ClInclude>
    <ClInclude Include="Player.h">
      <Filter>Code\Player</Filter>
    </ClInclude>
    <ClInclude Include="Math.h">
      <Filter>Code\Math</Filter>
    </ClInclude>
    <ClInclude Include="Bullet.h">
      <Filter>Code\Bullet</Filter>
    </ClInclude>
    <ClInclude Include="Tank.h">
      <Filter>Code\Tank</Filter>
    </ClInclude>
  </ItemGroup>
  <ItemGroup>
    <ClCompile Include="pch.cpp">
      <Filter>Source Files</Filter>
    </ClCompile>
    <ClCompile Include="Main.cpp">
      <Filter>Source Files</Filter>
    </ClCompile>
    <ClCompile Include="Player.cpp">
      <Filter>Code\Player</Filter>
    </ClCompile>
    <ClCompile Include="Math.cpp">
      <Filter>Code\Math</Filter>
    </ClCompile>
    <ClCompile Include="Bullet.cpp">
      <Filter>Code\Bullet</Filter>
    </ClCompile>
    <ClCompile Include="Tank.cpp">
      <Filter>Code\Tank</Filter>
    </ClCompile>
  </ItemGroup>
</Project>